
Microsoft Visual Studio Solution File, Format Version 12.00
# Visual Studio 2013
VisualStudioVersion = 12.0.40629.0
MinimumVisualStudioVersion = 10.0.40219.1
Project("{F184B08F-C81C-45F6-A57F-5ABD9991F28F}") = "SPOJ数据可视化及分析工具", "SPOJ数据可视化及分析工具\SPOJ数据可视化及分析工具.vbproj", "{799AB750-6991-493A-A20A-96E5DEE4C870}"
EndProject
Global
	GlobalSection(SolutionConfigurationPlatforms) = preSolution
		Debug|Any CPU = Debug|Any CPU
		Release|Any CPU = Release|Any CPU
	EndGlobalSection
	GlobalSection(ProjectConfigurationPlatforms) = postSolution
		{799AB750-6991-493A-A20A-96E5DEE4C870}.Debug|Any CPU.ActiveCfg = Debug|Any CPU
		{799AB750-6991-493A-A20A-96E5DEE4C870}.Debug|Any CPU.Build.0 = Debug|Any CPU
		{799AB750-6991-493A-A20A-96E5DEE4C870}.Release|Any CPU.ActiveCfg = Release|Any CPU
		{799AB750-6991-493A-A20A-96E5DEE4C870}.Release|Any CPU.Build.0 = Release|Any CPU
	EndGlobalSection
	GlobalSection(SolutionProperties) = preSolution
		HideSolutionNode = FALSE
	EndGlobalSection
EndGlobal
